// !$*UTF8*$!
{
	archiveVersion = 1;
	classes = {
	};
	objectVersion = 46;
	objects = {

/* Begin PBXBuildFile section */
		EE2712601D5249F900B58AB6 /* HomeVC.swift in Sources */ = {isa = PBXBuildFile; fileRef = EE27125F1D5249F900B58AB6 /* HomeVC.swift */; };
		EE2712621D524A0600B58AB6 /* PedalPointsVC.swift in Sources */ = {isa = PBXBuildFile; fileRef = EE2712611D524A0600B58AB6 /* PedalPointsVC.swift */; };
		EE2712641D524A0E00B58AB6 /* RedeemPointsVC.swift in Sources */ = {isa = PBXBuildFile; fileRef = EE2712631D524A0E00B58AB6 /* RedeemPointsVC.swift */; };
		EE2712661D524A2F00B58AB6 /* DashboardVC.swift in Sources */ = {isa = PBXBuildFile; fileRef = EE2712651D524A2F00B58AB6 /* DashboardVC.swift */; };
		EE3382DB1D624EDE009BB784 /* LaunchVC.swift in Sources */ = {isa = PBXBuildFile; fileRef = EE3382DA1D624EDE009BB784 /* LaunchVC.swift */; };
		EE5181C31D56CDFE0039E2AE /* navVC.swift in Sources */ = {isa = PBXBuildFile; fileRef = EE5181C21D56CDFE0039E2AE /* navVC.swift */; };
		EE5181C51D58013A0039E2AE /* GlobalSettings.swift in Sources */ = {isa = PBXBuildFile; fileRef = EE5181C41D58013A0039E2AE /* GlobalSettings.swift */; };
		EE535E9D1D5812F300D386C7 /* BoosterNextFY-Black.otf in Resources */ = {isa = PBXBuildFile; fileRef = EE535E971D5812F300D386C7 /* BoosterNextFY-Black.otf */; };
		EE535E9E1D5812F300D386C7 /* BoosterNextFY-Bold.otf in Resources */ = {isa = PBXBuildFile; fileRef = EE535E981D5812F300D386C7 /* BoosterNextFY-Bold.otf */; };
		EE535E9F1D5812F300D386C7 /* BoosterNextFY-Light.otf in Resources */ = {isa = PBXBuildFile; fileRef = EE535E991D5812F300D386C7 /* BoosterNextFY-Light.otf */; };
		EE535EA01D5812F300D386C7 /* BoosterNextFY-Medium.otf in Resources */ = {isa = PBXBuildFile; fileRef = EE535E9A1D5812F300D386C7 /* BoosterNextFY-Medium.otf */; };
		EE535EA11D5812F300D386C7 /* BoosterNextFY-Regular.otf in Resources */ = {isa = PBXBuildFile; fileRef = EE535E9B1D5812F300D386C7 /* BoosterNextFY-Regular.otf */; };
		EE535EA21D5812F300D386C7 /* BoosterNextFY-Thin.otf in Resources */ = {isa = PBXBuildFile; fileRef = EE535E9C1D5812F300D386C7 /* BoosterNextFY-Thin.otf */; };
		EE535EA61D581F5800D386C7 /* TableViewController.swift in Sources */ = {isa = PBXBuildFile; fileRef = EE535EA51D581F5800D386C7 /* TableViewController.swift */; };
		EE535EA91D58209700D386C7 /* CategoryCell.swift in Sources */ = {isa = PBXBuildFile; fileRef = EE535EA81D58209700D386C7 /* CategoryCell.swift */; };
		EE535EAB1D5820AE00D386C7 /* LogoCell.swift in Sources */ = {isa = PBXBuildFile; fileRef = EE535EAA1D5820AE00D386C7 /* LogoCell.swift */; };
		EE77CABB1D7DFD8E0096BAAC /* LoginVC.swift in Sources */ = {isa = PBXBuildFile; fileRef = EE77CABA1D7DFD8E0096BAAC /* LoginVC.swift */; };
		EE79AEF61D5A3E1B00A77225 /* CategoryVC.swift in Sources */ = {isa = PBXBuildFile; fileRef = EE79AEF51D5A3E1B00A77225 /* CategoryVC.swift */; };
		EE79AEF81D5A3E2E00A77225 /* DealsVC.swift in Sources */ = {isa = PBXBuildFile; fileRef = EE79AEF71D5A3E2E00A77225 /* DealsVC.swift */; };
		EEB2F6D71D5191CC008EED3A /* AppDelegate.swift in Sources */ = {isa = PBXBuildFile; fileRef = EEB2F6D61D5191CC008EED3A /* AppDelegate.swift */; };
		EEB2F6DC1D5191CC008EED3A /* Main.storyboard in Resources */ = {isa = PBXBuildFile; fileRef = EEB2F6DA1D5191CC008EED3A /* Main.storyboard */; };
		EEB2F6DF1D5191CC008EED3A /* CycleCash.xcdatamodeld in Sources */ = {isa = PBXBuildFile; fileRef = EEB2F6DD1D5191CC008EED3A /* CycleCash.xcdatamodeld */; };
		EEB2F6E11D5191CC008EED3A /* Assets.xcassets in Resources */ = {isa = PBXBuildFile; fileRef = EEB2F6E01D5191CC008EED3A /* Assets.xcassets */; };
		EEB2F6E41D5191CC008EED3A /* LaunchScreen.storyboard in Resources */ = {isa = PBXBuildFile; fileRef = EEB2F6E21D5191CC008EED3A /* LaunchScreen.storyboard */; };
		EEB2F6EF1D5191CC008EED3A /* CycleCashTests.swift in Sources */ = {isa = PBXBuildFile; fileRef = EEB2F6EE1D5191CC008EED3A /* CycleCashTests.swift */; };
		EEB2F6FA1D5191CC008EED3A /* CycleCashUITests.swift in Sources */ = {isa = PBXBuildFile; fileRef = EEB2F6F91D5191CC008EED3A /* CycleCashUITests.swift */; };
/* End PBXBuildFile section */

/* Begin PBXContainerItemProxy section */
		EEB2F6EB1D5191CC008EED3A /* PBXContainerItemProxy */ = {
			isa = PBXContainerItemProxy;
			containerPortal = EEB2F6CB1D5191CC008EED3A /* Project object */;
			proxyType = 1;
			remoteGlobalIDString = EEB2F6D21D5191CC008EED3A;
			remoteInfo = CycleCash;
		};
		EEB2F6F61D5191CC008EED3A /* PBXContainerItemProxy */ = {
			isa = PBXContainerItemProxy;
			containerPortal = EEB2F6CB1D5191CC008EED3A /* Project object */;
			proxyType = 1;
			remoteGlobalIDString = EEB2F6D21D5191CC008EED3A;
			remoteInfo = CycleCash;
		};
/* End PBXContainerItemProxy section */

/* Begin PBXFileReference section */
		EE27125F1D5249F900B58AB6 /* HomeVC.swift */ = {isa = PBXFileReference; fileEncoding = 4; lastKnownFileType = sourcecode.swift; path = HomeVC.swift; sourceTree = "<group>"; };
		EE2712611D524A0600B58AB6 /* PedalPointsVC.swift */ = {isa = PBXFileReference; fileEncoding = 4; lastKnownFileType = sourcecode.swift; path = PedalPointsVC.swift; sourceTree = "<group>"; };
		EE2712631D524A0E00B58AB6 /* RedeemPointsVC.swift */ = {isa = PBXFileReference; fileEncoding = 4; lastKnownFileType = sourcecode.swift; path = RedeemPointsVC.swift; sourceTree = "<group>"; };
		EE2712651D524A2F00B58AB6 /* DashboardVC.swift */ = {isa = PBXFileReference; fileEncoding = 4; lastKnownFileType = sourcecode.swift; path = DashboardVC.swift; sourceTree = "<group>"; };
		EE3382DA1D624EDE009BB784 /* LaunchVC.swift */ = {isa = PBXFileReference; fileEncoding = 4; lastKnownFileType = sourcecode.swift; path = LaunchVC.swift; sourceTree = "<group>"; };
		EE5181C21D56CDFE0039E2AE /* navVC.swift */ = {isa = PBXFileReference; fileEncoding = 4; lastKnownFileType = sourcecode.swift; path = navVC.swift; sourceTree = "<group>"; };
		EE5181C41D58013A0039E2AE /* GlobalSettings.swift */ = {isa = PBXFileReference; fileEncoding = 4; lastKnownFileType = sourcecode.swift; path = GlobalSettings.swift; sourceTree = "<group>"; };
		EE535E971D5812F300D386C7 /* BoosterNextFY-Black.otf */ = {isa = PBXFileReference; lastKnownFileType = file; path = "BoosterNextFY-Black.otf"; sourceTree = "<group>"; };
		EE535E981D5812F300D386C7 /* BoosterNextFY-Bold.otf */ = {isa = PBXFileReference; lastKnownFileType = file; path = "BoosterNextFY-Bold.otf"; sourceTree = "<group>"; };
		EE535E991D5812F300D386C7 /* BoosterNextFY-Light.otf */ = {isa = PBXFileReference; lastKnownFileType = file; path = "BoosterNextFY-Light.otf"; sourceTree = "<group>"; };
		EE535E9A1D5812F300D386C7 /* BoosterNextFY-Medium.otf */ = {isa = PBXFileReference; lastKnownFileType = file; path = "BoosterNextFY-Medium.otf"; sourceTree = "<group>"; };
		EE535E9B1D5812F300D386C7 /* BoosterNextFY-Regular.otf */ = {isa = PBXFileReference; lastKnownFileType = file; path = "BoosterNextFY-Regular.otf"; sourceTree = "<group>"; };
		EE535E9C1D5812F300D386C7 /* BoosterNextFY-Thin.otf */ = {isa = PBXFileReference; lastKnownFileType = file; path = "BoosterNextFY-Thin.otf"; sourceTree = "<group>"; };
		EE535EA51D581F5800D386C7 /* TableViewController.swift */ = {isa = PBXFileReference; fileEncoding = 4; lastKnownFileType = sourcecode.swift; path = TableViewController.swift; sourceTree = "<group>"; };
		EE535EA81D58209700D386C7 /* CategoryCell.swift */ = {isa = PBXFileReference; fileEncoding = 4; lastKnownFileType = sourcecode.swift; path = CategoryCell.swift; sourceTree = "<group>"; };
		EE535EAA1D5820AE00D386C7 /* LogoCell.swift */ = {isa = PBXFileReference; fileEncoding = 4; lastKnownFileType = sourcecode.swift; path = LogoCell.swift; sourceTree = "<group>"; };
		EE77CABA1D7DFD8E0096BAAC /* LoginVC.swift */ = {isa = PBXFileReference; fileEncoding = 4; lastKnownFileType = sourcecode.swift; path = LoginVC.swift; sourceTree = "<group>"; };
		EE79AEF51D5A3E1B00A77225 /* CategoryVC.swift */ = {isa = PBXFileReference; fileEncoding = 4; lastKnownFileType = sourcecode.swift; path = CategoryVC.swift; sourceTree = "<group>"; };
		EE79AEF71D5A3E2E00A77225 /* DealsVC.swift */ = {isa = PBXFileReference; fileEncoding = 4; lastKnownFileType = sourcecode.swift; path = DealsVC.swift; sourceTree = "<group>"; };
		EEB2F6D31D5191CC008EED3A /* CycleCash.app */ = {isa = PBXFileReference; explicitFileType = wrapper.application; includeInIndex = 0; path = CycleCash.app; sourceTree = BUILT_PRODUCTS_DIR; };
		EEB2F6D61D5191CC008EED3A /* AppDelegate.swift */ = {isa = PBXFileReference; lastKnownFileType = sourcecode.swift; path = AppDelegate.swift; sourceTree = "<group>"; };
		EEB2F6DB1D5191CC008EED3A /* Base */ = {isa = PBXFileReference; lastKnownFileType = file.storyboard; name = Base; path = Base.lproj/Main.storyboard; sourceTree = "<group>"; };
		EEB2F6DE1D5191CC008EED3A /* CycleCash.xcdatamodel */ = {isa = PBXFileReference; lastKnownFileType = wrapper.xcdatamodel; path = CycleCash.xcdatamodel; sourceTree = "<group>"; };
		EEB2F6E01D5191CC008EED3A /* Assets.xcassets */ = {isa = PBXFileReference; lastKnownFileType = folder.assetcatalog; path = Assets.xcassets; sourceTree = "<group>"; };
		EEB2F6E31D5191CC008EED3A /* Base */ = {isa = PBXFileReference; lastKnownFileType = file.storyboard; name = Base; path = Base.lproj/LaunchScreen.storyboard; sourceTree = "<group>"; };
		EEB2F6E51D5191CC008EED3A /* Info.plist */ = {isa = PBXFileReference; lastKnownFileType = text.plist.xml; path = Info.plist; sourceTree = "<group>"; };
		EEB2F6EA1D5191CC008EED3A /* CycleCashTests.xctest */ = {isa = PBXFileReference; explicitFileType = wrapper.cfbundle; includeInIndex = 0; path = CycleCashTests.xctest; sourceTree = BUILT_PRODUCTS_DIR; };
		EEB2F6EE1D5191CC008EED3A /* CycleCashTests.swift */ = {isa = PBXFileReference; lastKnownFileType = sourcecode.swift; path = CycleCashTests.swift; sourceTree = "<group>"; };
		EEB2F6F01D5191CC008EED3A /* Info.plist */ = {isa = PBXFileReference; lastKnownFileType = text.plist.xml; path = Info.plist; sourceTree = "<group>"; };
		EEB2F6F51D5191CC008EED3A /* CycleCashUITests.xctest */ = {isa = PBXFileReference; explicitFileType = wrapper.cfbundle; includeInIndex = 0; path = CycleCashUITests.xctest; sourceTree = BUILT_PRODUCTS_DIR; };
		EEB2F6F91D5191CC008EED3A /* CycleCashUITests.swift */ = {isa = PBXFileReference; lastKnownFileType = sourcecode.swift; path = CycleCashUITests.swift; sourceTree = "<group>"; };
		EEB2F6FB1D5191CC008EED3A /* Info.plist */ = {isa = PBXFileReference; lastKnownFileType = text.plist.xml; path = Info.plist; sourceTree = "<group>"; };
/* End PBXFileReference section */

/* Begin PBXFrameworksBuildPhase section */
		EEB2F6D01D5191CC008EED3A /* Frameworks */ = {
			isa = PBXFrameworksBuildPhase;
			buildActionMask = 2147483647;
			files = (
			);
			runOnlyForDeploymentPostprocessing = 0;
		};
		EEB2F6E71D5191CC008EED3A /* Frameworks */ = {
			isa = PBXFrameworksBuildPhase;
			buildActionMask = 2147483647;
			files = (
			);
			runOnlyForDeploymentPostprocessing = 0;
		};
		EEB2F6F21D5191CC008EED3A /* Frameworks */ = {
			isa = PBXFrameworksBuildPhase;
			buildActionMask = 2147483647;
			files = (
			);
			runOnlyForDeploymentPostprocessing = 0;
		};
/* End PBXFrameworksBuildPhase section */

/* Begin PBXGroup section */
		EE5181C61D580E090039E2AE /* Fonts */ = {
			isa = PBXGroup;
			children = (
				EE535E971D5812F300D386C7 /* BoosterNextFY-Black.otf */,
				EE535E981D5812F300D386C7 /* BoosterNextFY-Bold.otf */,
				EE535E991D5812F300D386C7 /* BoosterNextFY-Light.otf */,
				EE535E9A1D5812F300D386C7 /* BoosterNextFY-Medium.otf */,
				EE535E9B1D5812F300D386C7 /* BoosterNextFY-Regular.otf */,
				EE535E9C1D5812F300D386C7 /* BoosterNextFY-Thin.otf */,
			);
			name = Fonts;
			sourceTree = "<group>";
		};
		EE535EA71D58208500D386C7 /* Cells */ = {
			isa = PBXGroup;
			children = (
				EE535EA81D58209700D386C7 /* CategoryCell.swift */,
				EE535EAA1D5820AE00D386C7 /* LogoCell.swift */,
			);
			name = Cells;
			sourceTree = "<group>";
		};
		EE79AEF41D5A3DE900A77225 /* Redeem */ = {
			isa = PBXGroup;
			children = (
				EE2712631D524A0E00B58AB6 /* RedeemPointsVC.swift */,
				EE79AEF51D5A3E1B00A77225 /* CategoryVC.swift */,
				EE79AEF71D5A3E2E00A77225 /* DealsVC.swift */,
			);
			name = Redeem;
			sourceTree = "<group>";
		};
		EEB2F6CA1D5191CC008EED3A = {
			isa = PBXGroup;
			children = (
				EEB2F6D51D5191CC008EED3A /* CycleCash */,
				EEB2F6ED1D5191CC008EED3A /* CycleCashTests */,
				EEB2F6F81D5191CC008EED3A /* CycleCashUITests */,
				EEB2F6D41D5191CC008EED3A /* Products */,
			);
			sourceTree = "<group>";
		};
		EEB2F6D41D5191CC008EED3A /* Products */ = {
			isa = PBXGroup;
			children = (
				EEB2F6D31D5191CC008EED3A /* CycleCash.app */,
				EEB2F6EA1D5191CC008EED3A /* CycleCashTests.xctest */,
				EEB2F6F51D5191CC008EED3A /* CycleCashUITests.xctest */,
			);
			name = Products;
			sourceTree = "<group>";
		};
		EEB2F6D51D5191CC008EED3A /* CycleCash */ = {
			isa = PBXGroup;
			children = (
				EEB2F7091D5197B2008EED3A /* Supporting */,
				EEB2F7081D5197A7008EED3A /* Models */,
				EEB2F7071D519799008EED3A /* ViewControllers */,
			);
			path = CycleCash;
			sourceTree = "<group>";
		};
		EEB2F6ED1D5191CC008EED3A /* CycleCashTests */ = {
			isa = PBXGroup;
			children = (
				EEB2F6EE1D5191CC008EED3A /* CycleCashTests.swift */,
				EEB2F6F01D5191CC008EED3A /* Info.plist */,
			);
			path = CycleCashTests;
			sourceTree = "<group>";
		};
		EEB2F6F81D5191CC008EED3A /* CycleCashUITests */ = {
			isa = PBXGroup;
			children = (
				EEB2F6F91D5191CC008EED3A /* CycleCashUITests.swift */,
				EEB2F6FB1D5191CC008EED3A /* Info.plist */,
			);
			path = CycleCashUITests;
			sourceTree = "<group>";
		};
		EEB2F7071D519799008EED3A /* ViewControllers */ = {
			isa = PBXGroup;
			children = (
				EE79AEF41D5A3DE900A77225 /* Redeem */,
				EE535EA71D58208500D386C7 /* Cells */,
				EE27125F1D5249F900B58AB6 /* HomeVC.swift */,
				EE2712611D524A0600B58AB6 /* PedalPointsVC.swift */,
				EE2712651D524A2F00B58AB6 /* DashboardVC.swift */,
				EE5181C21D56CDFE0039E2AE /* navVC.swift */,
				EE535EA51D581F5800D386C7 /* TableViewController.swift */,
				EE3382DA1D624EDE009BB784 /* LaunchVC.swift */,
				EE77CABA1D7DFD8E0096BAAC /* LoginVC.swift */,
			);
			name = ViewControllers;
			sourceTree = "<group>";
		};
		EEB2F7081D5197A7008EED3A /* Models */ = {
			isa = PBXGroup;
			children = (
			);
			name = Models;
			sourceTree = "<group>";
		};
		EEB2F7091D5197B2008EED3A /* Supporting */ = {
			isa = PBXGroup;
			children = (
				EE5181C61D580E090039E2AE /* Fonts */,
				EEB2F6DA1D5191CC008EED3A /* Main.storyboard */,
				EEB2F6D61D5191CC008EED3A /* AppDelegate.swift */,
				EEB2F6E01D5191CC008EED3A /* Assets.xcassets */,
				EEB2F6DD1D5191CC008EED3A /* CycleCash.xcdatamodeld */,
				EEB2F6E51D5191CC008EED3A /* Info.plist */,
				EEB2F6E21D5191CC008EED3A /* LaunchScreen.storyboard */,
				EE5181C41D58013A0039E2AE /* GlobalSettings.swift */,
			);
			name = Supporting;
			sourceTree = "<group>";
		};
/* End PBXGroup section */

/* Begin PBXNativeTarget section */
		EEB2F6D21D5191CC008EED3A /* CycleCash */ = {
			isa = PBXNativeTarget;
			buildConfigurationList = EEB2F6FE1D5191CC008EED3A /* Build configuration list for PBXNativeTarget "CycleCash" */;
			buildPhases = (
				EEB2F6CF1D5191CC008EED3A /* Sources */,
				EEB2F6D01D5191CC008EED3A /* Frameworks */,
				EEB2F6D11D5191CC008EED3A /* Resources */,
			);
			buildRules = (
			);
			dependencies = (
			);
			name = CycleCash;
			productName = CycleCash;
			productReference = EEB2F6D31D5191CC008EED3A /* CycleCash.app */;
			productType = "com.apple.product-type.application";
		};
		EEB2F6E91D5191CC008EED3A /* CycleCashTests */ = {
			isa = PBXNativeTarget;
			buildConfigurationList = EEB2F7011D5191CC008EED3A /* Build configuration list for PBXNativeTarget "CycleCashTests" */;
			buildPhases = (
				EEB2F6E61D5191CC008EED3A /* Sources */,
				EEB2F6E71D5191CC008EED3A /* Frameworks */,
				EEB2F6E81D5191CC008EED3A /* Resources */,
			);
			buildRules = (
			);
			dependencies = (
				EEB2F6EC1D5191CC008EED3A /* PBXTargetDependency */,
			);
			name = CycleCashTests;
			productName = CycleCashTests;
			productReference = EEB2F6EA1D5191CC008EED3A /* CycleCashTests.xctest */;
			productType = "com.apple.product-type.bundle.unit-test";
		};
		EEB2F6F41D5191CC008EED3A /* CycleCashUITests */ = {
			isa = PBXNativeTarget;
			buildConfigurationList = EEB2F7041D5191CC008EED3A /* Build configuration list for PBXNativeTarget "CycleCashUITests" */;
			buildPhases = (
				EEB2F6F11D5191CC008EED3A /* Sources */,
				EEB2F6F21D5191CC008EED3A /* Frameworks */,
				EEB2F6F31D5191CC008EED3A /* Resources */,
			);
			buildRules = (
			);
			dependencies = (
				EEB2F6F71D5191CC008EED3A /* PBXTargetDependency */,
			);
			name = CycleCashUITests;
			productName = CycleCashUITests;
			productReference = EEB2F6F51D5191CC008EED3A /* CycleCashUITests.xctest */;
			productType = "com.apple.product-type.bundle.ui-testing";
		};
/* End PBXNativeTarget section */

/* Begin PBXProject section */
		EEB2F6CB1D5191CC008EED3A /* Project object */ = {
			isa = PBXProject;
			attributes = {
				LastSwiftUpdateCheck = 0730;
				LastUpgradeCheck = 0730;
				ORGANIZATIONNAME = cyclecash;
				TargetAttributes = {
					EEB2F6D21D5191CC008EED3A = {
						CreatedOnToolsVersion = 7.3.1;
						DevelopmentTeam = 23NT8R7X24;
					};
					EEB2F6E91D5191CC008EED3A = {
						CreatedOnToolsVersion = 7.3.1;
						TestTargetID = EEB2F6D21D5191CC008EED3A;
					};
					EEB2F6F41D5191CC008EED3A = {
						CreatedOnToolsVersion = 7.3.1;
						TestTargetID = EEB2F6D21D5191CC008EED3A;
					};
				};
			};
			buildConfigurationList = EEB2F6CE1D5191CC008EED3A /* Build configuration list for PBXProject "CycleCash" */;
			compatibilityVersion = "Xcode 3.2";
			developmentRegion = English;
			hasScannedForEncodings = 0;
			knownRegions = (
				en,
				Base,
			);
			mainGroup = EEB2F6CA1D5191CC008EED3A;
			productRefGroup = EEB2F6D41D5191CC008EED3A /* Products */;
			projectDirPath = "";
			projectRoot = "";
			targets = (
				EEB2F6D21D5191CC008EED3A /* CycleCash */,
				EEB2F6E91D5191CC008EED3A /* CycleCashTests */,
				EEB2F6F41D5191CC008EED3A /* CycleCashUITests */,
			);
		};
/* End PBXProject section */

/* Begin PBXResourcesBuildPhase section */
		EEB2F6D11D5191CC008EED3A /* Resources */ = {
			isa = PBXResourcesBuildPhase;
			buildActionMask = 2147483647;
			files = (
				EE535E9D1D5812F300D386C7 /* BoosterNextFY-Black.otf in Resources */,
				EE535EA01D5812F300D386C7 /* BoosterNextFY-Medium.otf in Resources */,
				EE535E9F1D5812F300D386C7 /* BoosterNextFY-Light.otf in Resources */,
				EE535EA11D5812F300D386C7 /* BoosterNextFY-Regular.otf in Resources */,
				EEB2F6E41D5191CC008EED3A /* LaunchScreen.storyboard in Resources */,
				EEB2F6E11D5191CC008EED3A /* Assets.xcassets in Resources */,
				EE535E9E1D5812F300D386C7 /* BoosterNextFY-Bold.otf in Resources */,
				EEB2F6DC1D5191CC008EED3A /* Main.storyboard in Resources */,
				EE535EA21D5812F300D386C7 /* BoosterNextFY-Thin.otf in Resources */,
			);
			runOnlyForDeploymentPostprocessing = 0;
		};
		EEB2F6E81D5191CC008EED3A /* Resources */ = {
			isa = PBXResourcesBuildPhase;
			buildActionMask = 2147483647;
			files = (
			);
			runOnlyForDeploymentPostprocessing = 0;
		};
		EEB2F6F31D5191CC008EED3A /* Resources */ = {
			isa = PBXResourcesBuildPhase;
			buildActionMask = 2147483647;
			files = (
			);
			runOnlyForDeploymentPostprocessing = 0;
		};
/* End PBXResourcesBuildPhase section */

/* Begin PBXSourcesBuildPhase section */
		EEB2F6CF1D5191CC008EED3A /* Sources */ = {
			isa = PBXSourcesBuildPhase;
			buildActionMask = 2147483647;
			files = (
				EE535EAB1D5820AE00D386C7 /* LogoCell.swift in Sources */,
				EE2712621D524A0600B58AB6 /* PedalPointsVC.swift in Sources */,
				EE79AEF81D5A3E2E00A77225 /* DealsVC.swift in Sources */,
				EE3382DB1D624EDE009BB784 /* LaunchVC.swift in Sources */,
				EE2712641D524A0E00B58AB6 /* RedeemPointsVC.swift in Sources */,
				EE2712661D524A2F00B58AB6 /* DashboardVC.swift in Sources */,
				EE5181C51D58013A0039E2AE /* GlobalSettings.swift in Sources */,
				EE5181C31D56CDFE0039E2AE /* navVC.swift in Sources */,
				EE79AEF61D5A3E1B00A77225 /* CategoryVC.swift in Sources */,
				EE2712601D5249F900B58AB6 /* HomeVC.swift in Sources */,
				EEB2F6DF1D5191CC008EED3A /* CycleCash.xcdatamodeld in Sources */,
				EE535EA61D581F5800D386C7 /* TableViewController.swift in Sources */,
				EEB2F6D71D5191CC008EED3A /* AppDelegate.swift in Sources */,
				EE535EA91D58209700D386C7 /* CategoryCell.swift in Sources */,
				EE77CABB1D7DFD8E0096BAAC /* LoginVC.swift in Sources */,
			);
			runOnlyForDeploymentPostprocessing = 0;
		};
		EEB2F6E61D5191CC008EED3A /* Sources */ = {
			isa = PBXSourcesBuildPhase;
			buildActionMask = 2147483647;
			files = (
				EEB2F6EF1D5191CC008EED3A /* CycleCashTests.swift in Sources */,
			);
			runOnlyForDeploymentPostprocessing = 0;
		};
		EEB2F6F11D5191CC008EED3A /* Sources */ = {
			isa = PBXSourcesBuildPhase;
			buildActionMask = 2147483647;
			files = (
				EEB2F6FA1D5191CC008EED3A /* CycleCashUITests.swift in Sources */,
			);
			runOnlyForDeploymentPostprocessing = 0;
		};
/* End PBXSourcesBuildPhase section */

/* Begin PBXTargetDependency section */
		EEB2F6EC1D5191CC008EED3A /* PBXTargetDependency */ = {
			isa = PBXTargetDependency;
			target = EEB2F6D21D5191CC008EED3A /* CycleCash */;
			targetProxy = EEB2F6EB1D5191CC008EED3A /* PBXContainerItemProxy */;
		};
		EEB2F6F71D5191CC008EED3A /* PBXTargetDependency */ = {
			isa = PBXTargetDependency;
			target = EEB2F6D21D5191CC008EED3A /* CycleCash */;
			targetProxy = EEB2F6F61D5191CC008EED3A /* PBXContainerItemProxy */;
		};
/* End PBXTargetDependency section */

/* Begin PBXVariantGroup section */
		EEB2F6DA1D5191CC008EED3A /* Main.storyboard */ = {
			isa = PBXVariantGroup;
			children = (
				EEB2F6DB1D5191CC008EED3A /* Base */,
			);
			name = Main.storyboard;
			sourceTree = "<group>";
		};
		EEB2F6E21D5191CC008EED3A /* LaunchScreen.storyboard */ = {
			isa = PBXVariantGroup;
			children = (
				EEB2F6E31D5191CC008EED3A /* Base */,
			);
			name = LaunchScreen.storyboard;
			sourceTree = "<group>";
		};
/* End PBXVariantGroup section */

/* Begin XCBuildConfiguration section */
		EEB2F6FC1D5191CC008EED3A /* Debug */ = {
			isa = XCBuildConfiguration;
			buildSettings = {
				ALWAYS_SEARCH_USER_PATHS = NO;
				CLANG_ANALYZER_NONNULL = YES;
				CLANG_CXX_LANGUAGE_STANDARD = "gnu++0x";
				CLANG_CXX_LIBRARY = "libc++";
				CLANG_ENABLE_MODULES = YES;
				CLANG_ENABLE_OBJC_ARC = YES;
				CLANG_WARN_BOOL_CONVERSION = YES;
				CLANG_WARN_CONSTANT_CONVERSION = YES;
				CLANG_WARN_DIRECT_OBJC_ISA_USAGE = YES_ERROR;
				CLANG_WARN_EMPTY_BODY = YES;
				CLANG_WARN_ENUM_CONVERSION = YES;
				CLANG_WARN_INT_CONVERSION = YES;
				CLANG_WARN_OBJC_ROOT_CLASS = YES_ERROR;
				CLANG_WARN_UNREACHABLE_CODE = YES;
				CLANG_WARN__DUPLICATE_METHOD_MATCH = YES;
				"CODE_SIGN_IDENTITY[sdk=iphoneos*]" = "iPhone Developer";
				COPY_PHASE_STRIP = NO;
				DEBUG_INFORMATION_FORMAT = dwarf;
				ENABLE_STRICT_OBJC_MSGSEND = YES;
				ENABLE_TESTABILITY = YES;
				GCC_C_LANGUAGE_STANDARD = gnu99;
				GCC_DYNAMIC_NO_PIC = NO;
				GCC_NO_COMMON_BLOCKS = YES;
				GCC_OPTIMIZATION_LEVEL = 0;
				GCC_PREPROCESSOR_DEFINITIONS = (
					"DEBUG=1",
					"$(inherited)",
				);
				GCC_WARN_64_TO_32_BIT_CONVERSION = YES;
				GCC_WARN_ABOUT_RETURN_TYPE = YES_ERROR;
				GCC_WARN_UNDECLARED_SELECTOR = YES;
				GCC_WARN_UNINITIALIZED_AUTOS = YES_AGGRESSIVE;
				GCC_WARN_UNUSED_FUNCTION = YES;
				GCC_WARN_UNUSED_VARIABLE = YES;
				IPHONEOS_DEPLOYMENT_TARGET = 9.3;
				MTL_ENABLE_DEBUG_INFO = YES;
				ONLY_ACTIVE_ARCH = YES;
				SDKROOT = iphoneos;
				SWIFT_OPTIMIZATION_LEVEL = "-Onone";
			};
			name = Debug;
		};
		EEB2F6FD1D5191CC008EED3A /* Release */ = {
			isa = XCBuildConfiguration;
			buildSettings = {
				ALWAYS_SEARCH_USER_PATHS = NO;
				CLANG_ANALYZER_NONNULL = YES;
				CLANG_CXX_LANGUAGE_STANDARD = "gnu++0x";
				CLANG_CXX_LIBRARY = "libc++";
				CLANG_ENABLE_MODULES = YES;
				CLANG_ENABLE_OBJC_ARC = YES;
				CLANG_WARN_BOOL_CONVERSION = YES;
				CLANG_WARN_CONSTANT_CONVERSION = YES;
				CLANG_WARN_DIRECT_OBJC_ISA_USAGE = YES_ERROR;
				CLANG_WARN_EMPTY_BODY = YES;
				CLANG_WARN_ENUM_CONVERSION = YES;
				CLANG_WARN_INT_CONVERSION = YES;
				CLANG_WARN_OBJC_ROOT_CLASS = YES_ERROR;
				CLANG_WARN_UNREACHABLE_CODE = YES;
				CLANG_WARN__DUPLICATE_METHOD_MATCH = YES;
				"CODE_SIGN_IDENTITY[sdk=iphoneos*]" = "iPhone Developer";
				COPY_PHASE_STRIP = NO;
				DEBUG_INFORMATION_FORMAT = "dwarf-with-dsym";
				ENABLE_NS_ASSERTIONS = NO;
				ENABLE_STRICT_OBJC_MSGSEND = YES;
				GCC_C_LANGUAGE_STANDARD = gnu99;
				GCC_NO_COMMON_BLOCKS = YES;
				GCC_WARN_64_TO_32_BIT_CONVERSION = YES;
				GCC_WARN_ABOUT_RETURN_TYPE = YES_ERROR;
				GCC_WARN_UNDECLARED_SELECTOR = YES;
				GCC_WARN_UNINITIALIZED_AUTOS = YES_AGGRESSIVE;
				GCC_WARN_UNUSED_FUNCTION = YES;
				GCC_WARN_UNUSED_VARIABLE = YES;
				IPHONEOS_DEPLOYMENT_TARGET = 9.3;
				MTL_ENABLE_DEBUG_INFO = NO;
				SDKROOT = iphoneos;
				VALIDATE_PRODUCT = YES;
			};
			name = Release;
		};
		EEB2F6FF1D5191CC008EED3A /* Debug */ = {
			isa = XCBuildConfiguration;
			buildSettings = {
				ASSETCATALOG_COMPILER_APPICON_NAME = AppIcon;
				CODE_SIGN_IDENTITY = "iPhone Developer";
				INFOPLIST_FILE = CycleCash/Info.plist;
				LD_RUNPATH_SEARCH_PATHS = "$(inherited) @executable_path/Frameworks";
				PRODUCT_BUNDLE_IDENTIFIER = com.ivetechnologies.CycleCash;
				PRODUCT_NAME = "$(TARGET_NAME)";
			};
			name = Debug;
		};
		EEB2F7001D5191CC008EED3A /* Release */ = {
			isa = XCBuildConfiguration;
			buildSettings = {
				ASSETCATALOG_COMPILER_APPICON_NAME = AppIcon;
				CODE_SIGN_IDENTITY = "iPhone Developer";
				INFOPLIST_FILE = CycleCash/Info.plist;
				LD_RUNPATH_SEARCH_PATHS = "$(inherited) @executable_path/Frameworks";
				PRODUCT_BUNDLE_IDENTIFIER = com.ivetechnologies.CycleCash;
				PRODUCT_NAME = "$(TARGET_NAME)";
			};
			name = Release;
		};
		EEB2F7021D5191CC008EED3A /* Debug */ = {
			isa = XCBuildConfiguration;
			buildSettings = {
				BUNDLE_LOADER = "$(TEST_HOST)";
				INFOPLIST_FILE = CycleCashTests/Info.plist;
				LD_RUNPATH_SEARCH_PATHS = "$(inherited) @executable_path/Frameworks @loader_path/Frameworks";
				PRODUCT_BUNDLE_IDENTIFIER = com.cyclecash.CycleCashTests;
				PRODUCT_NAME = "$(TARGET_NAME)";
				TEST_HOST = "$(BUILT_PRODUCTS_DIR)/CycleCash.app/CycleCash";
			};
			name = Debug;
		};
		EEB2F7031D5191CC008EED3A /* Release */ = {
			isa = XCBuildConfiguration;
			buildSettings = {
				BUNDLE_LOADER = "$(TEST_HOST)";
				INFOPLIST_FILE = CycleCashTests/Info.plist;
				LD_RUNPATH_SEARCH_PATHS = "$(inherited) @executable_path/Frameworks @loader_path/Frameworks";
				PRODUCT_BUNDLE_IDENTIFIER = com.cyclecash.CycleCashTests;
				PRODUCT_NAME = "$(TARGET_NAME)";
				TEST_HOST = "$(BUILT_PRODUCTS_DIR)/CycleCash.app/CycleCash";
			};
			name = Release;
		};
		EEB2F7051D5191CC008EED3A /* Debug */ = {
			isa = XCBuildConfiguration;
			buildSettings = {
				INFOPLIST_FILE = CycleCashUITests/Info.plist;
				LD_RUNPATH_SEARCH_PATHS = "$(inherited) @executable_path/Frameworks @loader_path/Frameworks";
				PRODUCT_BUNDLE_IDENTIFIER = com.cyclecash.CycleCashUITests;
				PRODUCT_NAME = "$(TARGET_NAME)";
				TEST_TARGET_NAME = CycleCash;
			};
			name = Debug;
		};
		EEB2F7061D5191CC008EED3A /* Release */ = {
			isa = XCBuildConfiguration;
			buildSettings = {
				INFOPLIST_FILE = CycleCashUITests/Info.plist;
				LD_RUNPATH_SEARCH_PATHS = "$(inherited) @executable_path/Frameworks @loader_path/Frameworks";
				PRODUCT_BUNDLE_IDENTIFIER = com.cyclecash.CycleCashUITests;
				PRODUCT_NAME = "$(TARGET_NAME)";
				TEST_TARGET_NAME = CycleCash;
			};
			name = Release;
		};
/* End XCBuildConfiguration section */

/* Begin XCConfigurationList section */
		EEB2F6CE1D5191CC008EED3A /* Build configuration list for PBXProject "CycleCash" */ = {
			isa = XCConfigurationList;
			buildConfigurations = (
				EEB2F6FC1D5191CC008EED3A /* Debug */,
				EEB2F6FD1D5191CC008EED3A /* Release */,
			);
			defaultConfigurationIsVisible = 0;
			defaultConfigurationName = Release;
		};
		EEB2F6FE1D5191CC008EED3A /* Build configuration list for PBXNativeTarget "CycleCash" */ = {
			isa = XCConfigurationList;
			buildConfigurations = (
				EEB2F6FF1D5191CC008EED3A /* Debug */,
				EEB2F7001D5191CC008EED3A /* Release */,
			);
			defaultConfigurationIsVisible = 0;
			defaultConfigurationName = Release;
		};
		EEB2F7011D5191CC008EED3A /* Build configuration list for PBXNativeTarget "CycleCashTests" */ = {
			isa = XCConfigurationList;
			buildConfigurations = (
				EEB2F7021D5191CC008EED3A /* Debug */,
				EEB2F7031D5191CC008EED3A /* Release */,
			);
			defaultConfigurationIsVisible = 0;
			defaultConfigurationName = Release;
		};
		EEB2F7041D5191CC008EED3A /* Build configuration list for PBXNativeTarget "CycleCashUITests" */ = {
			isa = XCConfigurationList;
			buildConfigurations = (
				EEB2F7051D5191CC008EED3A /* Debug */,
				EEB2F7061D5191CC008EED3A /* Release */,
			);
			defaultConfigurationIsVisible = 0;
			defaultConfigurationName = Release;
		};
/* End XCConfigurationList section */

/* Begin XCVersionGroup section */
		EEB2F6DD1D5191CC008EED3A /* CycleCash.xcdatamodeld */ = {
			isa = XCVersionGroup;
			children = (
				EEB2F6DE1D5191CC008EED3A /* CycleCash.xcdatamodel */,
			);
			currentVersion = EEB2F6DE1D5191CC008EED3A /* CycleCash.xcdatamodel */;
			path = CycleCash.xcdatamodeld;
			sourceTree = "<group>";
			versionGroupType = wrapper.xcdatamodel;
		};
/* End XCVersionGroup section */
	};
	rootObject = EEB2F6CB1D5191CC008EED3A /* Project object */;
}
